
Microsoft Visual Studio Solution File, Format Version 12.00
# Visual Studio Version 17
VisualStudioVersion = 17.5.33502.453
MinimumVisualStudioVersion = 10.0.40219.1
Project("{FAE04EC0-301F-11D3-BF4B-00C04F79EFBC}") = "FIBONACCI", "FIBONACCI\FIBONACCI.csproj", "{4BFFCB9E-ED36-43F3-97CC-B59CCC4685BB}"
EndProject
Global
	GlobalSection(SolutionConfigurationPlatforms) = preSolution
		Debug|Any CPU = Debug|Any CPU
		Release|Any CPU = Release|Any CPU
	EndGlobalSection
	GlobalSection(ProjectConfigurationPlatforms) = postSolution
		{4BFFCB9E-ED36-43F3-97CC-B59CCC4685BB}.Debug|Any CPU.ActiveCfg = Debug|Any CPU
		{4BFFCB9E-ED36-43F3-97CC-B59CCC4685BB}.Debug|Any CPU.Build.0 = Debug|Any CPU
		{4BFFCB9E-ED36-43F3-97CC-B59CCC4685BB}.Release|Any CPU.ActiveCfg = Release|Any CPU
		{4BFFCB9E-ED36-43F3-97CC-B59CCC4685BB}.Release|Any CPU.Build.0 = Release|Any CPU
	EndGlobalSection
	GlobalSection(SolutionProperties) = preSolution
		HideSolutionNode = FALSE
	EndGlobalSection
	GlobalSection(ExtensibilityGlobals) = postSolution
		SolutionGuid = {F9DC3350-9126-46C8-9A91-F9E85CFC38BD}
	EndGlobalSection
EndGlobal
